{
  "object": {
    "pins": [
      {
        "package": "CombineWebSocket",
        "repositoryURL": "https://github.com/teufelaudio/CombineWebSocket.git",
        "state": {
          "branch": null,
          "revision": "2bc1545f1ba4f45c7a29ba4fbe46993468794dc5",
          "version": "0.1.1"
        }
      },
      {
        "package": "FoundationExtensions",
        "repositoryURL": "https://github.com/teufelaudio/FoundationExtensions.git",
        "state": {
          "branch": null,
          "revision": "79ebeb6b47b41f3423ac995638eba5788b373b5d",
          "version": "0.1.17"
        }
      }
    ]
  },
  "version": 1
}
