{
  "object": {
    "pins": [
      {
        "package": "CombineWebSocket",
        "repositoryURL": "https://github.com/teufelaudio/CombineWebSocket.git",
        "state": {
          "branch": null,
          "revision": "2bc1545f1ba4f45c7a29ba4fbe46993468794dc5",
          "version": "0.1.1"
        }
      },
      {
        "package": "FoundationExtensions",
        "repositoryURL": "https://github.com/teufelaudio/FoundationExtensions.git",
        "state": {
          "branch": null,
          "revision": "def4b8d69600a909879cad4d851bc20b962440e7",
          "version": "0.1.19"
        }
      }
    ]
  },
  "version": 1
}
